
Microsoft Visual Studio Solution File, Format Version 12.00
# Visual Studio 15
VisualStudioVersion = 15.0.28307.572
MinimumVisualStudioVersion = 10.0.40219.1
Project("{FAE04EC0-301F-11D3-BF4B-00C04F79EFBC}") = "ImageUploadContract", "ImageUploadContract\ImageUploadContract.csproj", "{EEE57272-9EC4-4B32-8B35-121C0C36D24E}"
EndProject
Project("{FAE04EC0-301F-11D3-BF4B-00C04F79EFBC}") = "ImageHost", "ImageHost\ImageHost.csproj", "{3BFFB715-82A2-400F-990D-348E4787EA75}"
EndProject
Project("{FAE04EC0-301F-11D3-BF4B-00C04F79EFBC}") = "ImageClient", "ImageClient\ImageClient.csproj", "{3FF1C0E4-7FED-4971-A20F-29DCB4906285}"
	ProjectSection(ProjectDependencies) = postProject
		{EEE57272-9EC4-4B32-8B35-121C0C36D24E} = {EEE57272-9EC4-4B32-8B35-121C0C36D24E}
	EndProjectSection
EndProject
Project("{FAE04EC0-301F-11D3-BF4B-00C04F79EFBC}") = "ListCallback", "ListCallback\ListCallback.csproj", "{673536F4-E5CC-479A-B1D7-4BC9F521DDD9}"
EndProject
Global
	GlobalSection(SolutionConfigurationPlatforms) = preSolution
		Debug|Any CPU = Debug|Any CPU
		Release|Any CPU = Release|Any CPU
	EndGlobalSection
	GlobalSection(ProjectConfigurationPlatforms) = postSolution
		{EEE57272-9EC4-4B32-8B35-121C0C36D24E}.Debug|Any CPU.ActiveCfg = Debug|Any CPU
		{EEE57272-9EC4-4B32-8B35-121C0C36D24E}.Debug|Any CPU.Build.0 = Debug|Any CPU
		{EEE57272-9EC4-4B32-8B35-121C0C36D24E}.Release|Any CPU.ActiveCfg = Release|Any CPU
		{EEE57272-9EC4-4B32-8B35-121C0C36D24E}.Release|Any CPU.Build.0 = Release|Any CPU
		{3BFFB715-82A2-400F-990D-348E4787EA75}.Debug|Any CPU.ActiveCfg = Debug|Any CPU
		{3BFFB715-82A2-400F-990D-348E4787EA75}.Debug|Any CPU.Build.0 = Debug|Any CPU
		{3BFFB715-82A2-400F-990D-348E4787EA75}.Release|Any CPU.ActiveCfg = Release|Any CPU
		{3BFFB715-82A2-400F-990D-348E4787EA75}.Release|Any CPU.Build.0 = Release|Any CPU
		{3FF1C0E4-7FED-4971-A20F-29DCB4906285}.Debug|Any CPU.ActiveCfg = Debug|Any CPU
		{3FF1C0E4-7FED-4971-A20F-29DCB4906285}.Debug|Any CPU.Build.0 = Debug|Any CPU
		{3FF1C0E4-7FED-4971-A20F-29DCB4906285}.Release|Any CPU.ActiveCfg = Release|Any CPU
		{3FF1C0E4-7FED-4971-A20F-29DCB4906285}.Release|Any CPU.Build.0 = Release|Any CPU
		{673536F4-E5CC-479A-B1D7-4BC9F521DDD9}.Debug|Any CPU.ActiveCfg = Debug|Any CPU
		{673536F4-E5CC-479A-B1D7-4BC9F521DDD9}.Debug|Any CPU.Build.0 = Debug|Any CPU
		{673536F4-E5CC-479A-B1D7-4BC9F521DDD9}.Release|Any CPU.ActiveCfg = Release|Any CPU
		{673536F4-E5CC-479A-B1D7-4BC9F521DDD9}.Release|Any CPU.Build.0 = Release|Any CPU
	EndGlobalSection
	GlobalSection(SolutionProperties) = preSolution
		HideSolutionNode = FALSE
	EndGlobalSection
	GlobalSection(ExtensibilityGlobals) = postSolution
		SolutionGuid = {409BEB21-6C9F-4862-B122-401A0565A892}
	EndGlobalSection
EndGlobal
